schema: '2.0'
stages:
  visualize_data:
    cmd: python src/data_visualization.py
    deps:
    - path: data/raw/bank-additional-full.csv
      hash: md5
      md5: f6cb2c1256ffe2836b36df321f46e92c
      size: 5834924
    outs:
    - path: docs/figures/1_distribucion_target.png
      hash: md5
      md5: 591d909b11a225612c9cea12c019c2f5
      size: 24034
    - path: docs/figures/2_distribucion_educacion.png
      hash: md5
      md5: cfb3d62da0570d117d7dd0b9a44f10d9
      size: 21827
    - path: docs/figures/3_distribucion_trabajo.png
      hash: md5
      md5: 7d26b863918767cbf8f9d2f3dd84e0d7
      size: 24766
    - path: docs/figures/4_distribucion_estado_civil.png
      hash: md5
      md5: 4283445ae6a885f839065ea61c70fdf8
      size: 14481
    - path: docs/figures/5_matriz_correlacion.png
      hash: md5
      md5: 79c7499316efbad05dd8f601073559cc
      size: 97619
    - path: docs/figures/6_estado_civil_vs_target.png
      hash: md5
      md5: f8fcea2a17046b384889b85ff95ae268
      size: 22098
    - path: docs/figures/7_informe_banco.html
      hash: md5
      md5: ebc78ebdee049a2427df97acd100fcf0
      size: 1750133
  test_data_quality:
    cmd: pytest --html=docs/test_results/test_results.html --self-contained-html
      test/test_data_quality.py
    deps:
    - path: data/raw/bank-additional-full.csv
      hash: md5
      md5: f6cb2c1256ffe2836b36df321f46e92c
      size: 5834924
    - path: test/test_data_quality.py
      hash: md5
      md5: a65798f503a8ef95d87505151f920816
      size: 5447
    outs:
    - path: docs/test_results/test_results.html
      hash: md5
      md5: 214497cea227682dd57a180618fe0cda
      size: 33679
  test_data_gx:
    cmd: pytest --html=docs/test_results/test_results_gx.html 
      --self-contained-html test/test_data_gx.py
    deps:
    - path: data/raw/bank-additional-full.csv
      hash: md5
      md5: f6cb2c1256ffe2836b36df321f46e92c
      size: 5834924
    - path: test/test_data_gx.py
      hash: md5
      md5: 6bff289b599bc6a80c3ed5a2325a13db
      size: 2466
    outs:
    - path: docs/test_results/test_results_gx.html
      hash: md5
      md5: 0acc59f02d98babdf343c6ef49b03b86
      size: 33109
  preprocess_data:
    cmd: python src/data_preparation.py
    deps:
    - path: data/raw/bank-additional-full.csv
      hash: md5
      md5: f6cb2c1256ffe2836b36df321f46e92c
      size: 5834924
    - path: src/data_preparation.py
      hash: md5
      md5: f86ba3b76094da624e6ff06cc44a7dbb
      size: 2880
    outs:
    - path: data/processed/bank_processed.csv
      hash: md5
      md5: 8be1a447fe2602de78a4994a9f15e880
      size: 4368118
